
Microsoft Visual Studio Solution File, Format Version 12.00
# Visual Studio 14
VisualStudioVersion = 14.0.23107.0
MinimumVisualStudioVersion = 10.0.40219.1
Project("{840C416C-B8F3-42BC-B0DD-F6BB14C9F8CB}") = "AI Setup Project1", "AI Setup Project1\AI Setup Project1.aiproj", "{47FC8629-FF18-4170-8929-C7E2AEE78ABA}"
EndProject
Global
	GlobalSection(SolutionConfigurationPlatforms) = preSolution
		Debug|Default = Debug|Default
		Release|Default = Release|Default
	EndGlobalSection
	GlobalSection(ProjectConfigurationPlatforms) = postSolution
		{47FC8629-FF18-4170-8929-C7E2AEE78ABA}.Debug|Default.ActiveCfg = All
		{47FC8629-FF18-4170-8929-C7E2AEE78ABA}.Debug|Default.Build.0 = All
		{47FC8629-FF18-4170-8929-C7E2AEE78ABA}.Release|Default.ActiveCfg = All
		{47FC8629-FF18-4170-8929-C7E2AEE78ABA}.Release|Default.Build.0 = All
	EndGlobalSection
	GlobalSection(SolutionProperties) = preSolution
		HideSolutionNode = FALSE
	EndGlobalSection
EndGlobal
