
Microsoft Visual Studio Solution File, Format Version 12.00
# Visual Studio 14
VisualStudioVersion = 14.0.23107.0
MinimumVisualStudioVersion = 10.0.40219.1
Project("{54435603-DBB4-11D2-8724-00A0C9A8B90C}") = "openweaselinstaller", "openweaselinstaller\openweaselinstaller.vdproj", "{644BBEE1-DA5E-4689-B362-A7D0B98A262D}"
EndProject
Global
	GlobalSection(SolutionConfigurationPlatforms) = preSolution
		Debug|Default = Debug|Default
		Release|Default = Release|Default
	EndGlobalSection
	GlobalSection(ProjectConfigurationPlatforms) = postSolution
		{644BBEE1-DA5E-4689-B362-A7D0B98A262D}.Debug|Default.ActiveCfg = Debug
		{644BBEE1-DA5E-4689-B362-A7D0B98A262D}.Debug|Default.Build.0 = Debug
		{644BBEE1-DA5E-4689-B362-A7D0B98A262D}.Release|Default.ActiveCfg = Release
		{644BBEE1-DA5E-4689-B362-A7D0B98A262D}.Release|Default.Build.0 = Release
	EndGlobalSection
	GlobalSection(SolutionProperties) = preSolution
		HideSolutionNode = FALSE
	EndGlobalSection
EndGlobal
